Microsoft Visual Studio Solution File, Format Version 12.00
# Visual Studio Version 17
VisualStudioVersion = 17.5.2.0
MinimumVisualStudioVersion = 10.0.40219.1
Project("{2150E333-8FDC-42A3-9474-1A3956D46DE8}") = "StructuralPatterns", "StructuralPatterns", "{3644C5E3-2C3E-96E3-BD46-F213F08D758F}"
EndProject
Project("{2150E333-8FDC-42A3-9474-1A3956D46DE8}") = "BehaviouralPatterns", "BehaviouralPatterns", "{77A9DA3F-4EE8-3279-E4BD-EB7D3CDDDBB2}"
EndProject
Project("{FAE04EC0-301F-11D3-BF4B-00C04F79EFBC}") = "Flyweight", "StructuralPatterns\Flyweight\Flyweight.csproj", "{7532DE91-EBA0-CEBB-03E7-EC67AC2F5DAD}"
EndProject
Project("{FAE04EC0-301F-11D3-BF4B-00C04F79EFBC}") = "Adapter", "StructuralPatterns\Adapter\Adapter.csproj", "{A8B5083F-3A19-19BD-593C-A1875F28F51A}"
EndProject
Project("{FAE04EC0-301F-11D3-BF4B-00C04F79EFBC}") = "Decorator", "StructuralPatterns\Decorator\Decorator.csproj", "{A2429F39-C9E4-9F09-EBA8-32F9CC39B2DC}"
EndProject
Project("{FAE04EC0-301F-11D3-BF4B-00C04F79EFBC}") = "Facade", "StructuralPatterns\Facade\Facade.csproj", "{FEB0DF4F-84E6-48BE-6E80-F9A4FDF98159}"
EndProject
Project("{FAE04EC0-301F-11D3-BF4B-00C04F79EFBC}") = "Proxy", "StructuralPatterns\Proxy\Proxy.csproj", "{35C5066E-CFD6-907B-0009-92FBE8EBF492}"
EndProject
Project("{FAE04EC0-301F-11D3-BF4B-00C04F79EFBC}") = "Composite", "StructuralPatterns\Composite\Composite.csproj", "{3E088B22-7646-03FB-8A28-1B29675ECF54}"
EndProject
Project("{FAE04EC0-301F-11D3-BF4B-00C04F79EFBC}") = "Bridge", "StructuralPatterns\Bridge\Bridge.csproj", "{CDA129F0-9173-05BE-4DD8-1BF95E95037A}"
EndProject
Project("{FAE04EC0-301F-11D3-BF4B-00C04F79EFBC}") = "Mediator", "BehaviouralPatterns\Mediator\Mediator.csproj", "{5BC4FCB6-1AD8-BC66-C0DC-6E4D65318B14}"
EndProject
Project("{FAE04EC0-301F-11D3-BF4B-00C04F79EFBC}") = "Command", "BehaviouralPatterns\Command\Command.csproj", "{F18ACD62-508D-1EBA-C08C-67CA1DD58990}"
EndProject
Project("{FAE04EC0-301F-11D3-BF4B-00C04F79EFBC}") = "Memento", "BehaviouralPatterns\Memento\Memento.csproj", "{6308DC4D-606A-C8F7-081E-FFB66462FF81}"
EndProject
Project("{FAE04EC0-301F-11D3-BF4B-00C04F79EFBC}") = "Visitor", "BehaviouralPatterns\Visitor\Visitor.csproj", "{9AF5D2AE-38C2-DA85-BEBB-8F638D9B6F8C}"
EndProject
Project("{FAE04EC0-301F-11D3-BF4B-00C04F79EFBC}") = "Strategy", "BehaviouralPatterns\Strategy\Strategy.csproj", "{4F3174BD-5C1A-F442-6091-3C04DC0CAD05}"
EndProject
Project("{FAE04EC0-301F-11D3-BF4B-00C04F79EFBC}") = "State", "BehaviouralPatterns\State\State.csproj", "{999F39E5-319F-EA56-0465-53D9E90D2D0E}"
EndProject
Project("{FAE04EC0-301F-11D3-BF4B-00C04F79EFBC}") = "ChainOfResponsability", "BehaviouralPatterns\ChainOfResponsability\ChainOfResponsability.csproj", "{0CC5D80F-548E-A8D1-5D13-7AC3E014A8B9}"
EndProject
Project("{FAE04EC0-301F-11D3-BF4B-00C04F79EFBC}") = "Iterator", "BehaviouralPatterns\Iterator\Iterator.csproj", "{BF800638-1309-E4D2-3568-B6A98A9CBADE}"
EndProject
Project("{FAE04EC0-301F-11D3-BF4B-00C04F79EFBC}") = "Template", "BehaviouralPatterns\Template\Template.csproj", "{64641EC2-853B-7FA0-0437-A3AD96508B53}"
EndProject
Project("{FAE04EC0-301F-11D3-BF4B-00C04F79EFBC}") = "Observer", "BehaviouralPatterns\Observer\Observer.csproj", "{C0D1357A-3322-B6BB-39AB-984864E4A791}"
EndProject
Global
	GlobalSection(SolutionConfigurationPlatforms) = preSolution
		Debug|Any CPU = Debug|Any CPU
		Release|Any CPU = Release|Any CPU
	EndGlobalSection
	GlobalSection(ProjectConfigurationPlatforms) = postSolution
		{7532DE91-EBA0-CEBB-03E7-EC67AC2F5DAD}.Debug|Any CPU.ActiveCfg = Debug|Any CPU
		{7532DE91-EBA0-CEBB-03E7-EC67AC2F5DAD}.Debug|Any CPU.Build.0 = Debug|Any CPU
		{7532DE91-EBA0-CEBB-03E7-EC67AC2F5DAD}.Release|Any CPU.ActiveCfg = Release|Any CPU
		{7532DE91-EBA0-CEBB-03E7-EC67AC2F5DAD}.Release|Any CPU.Build.0 = Release|Any CPU
		{A8B5083F-3A19-19BD-593C-A1875F28F51A}.Debug|Any CPU.ActiveCfg = Debug|Any CPU
		{A8B5083F-3A19-19BD-593C-A1875F28F51A}.Debug|Any CPU.Build.0 = Debug|Any CPU
		{A8B5083F-3A19-19BD-593C-A1875F28F51A}.Release|Any CPU.ActiveCfg = Release|Any CPU
		{A8B5083F-3A19-19BD-593C-A1875F28F51A}.Release|Any CPU.Build.0 = Release|Any CPU
		{A2429F39-C9E4-9F09-EBA8-32F9CC39B2DC}.Debug|Any CPU.ActiveCfg = Debug|Any CPU
		{A2429F39-C9E4-9F09-EBA8-32F9CC39B2DC}.Debug|Any CPU.Build.0 = Debug|Any CPU
		{A2429F39-C9E4-9F09-EBA8-32F9CC39B2DC}.Release|Any CPU.ActiveCfg = Release|Any CPU
		{A2429F39-C9E4-9F09-EBA8-32F9CC39B2DC}.Release|Any CPU.Build.0 = Release|Any CPU
		{FEB0DF4F-84E6-48BE-6E80-F9A4FDF98159}.Debug|Any CPU.ActiveCfg = Debug|Any CPU
		{FEB0DF4F-84E6-48BE-6E80-F9A4FDF98159}.Debug|Any CPU.Build.0 = Debug|Any CPU
		{FEB0DF4F-84E6-48BE-6E80-F9A4FDF98159}.Release|Any CPU.ActiveCfg = Release|Any CPU
		{FEB0DF4F-84E6-48BE-6E80-F9A4FDF98159}.Release|Any CPU.Build.0 = Release|Any CPU
		{35C5066E-CFD6-907B-0009-92FBE8EBF492}.Debug|Any CPU.ActiveCfg = Debug|Any CPU
		{35C5066E-CFD6-907B-0009-92FBE8EBF492}.Debug|Any CPU.Build.0 = Debug|Any CPU
		{35C5066E-CFD6-907B-0009-92FBE8EBF492}.Release|Any CPU.ActiveCfg = Release|Any CPU
		{35C5066E-CFD6-907B-0009-92FBE8EBF492}.Release|Any CPU.Build.0 = Release|Any CPU
		{3E088B22-7646-03FB-8A28-1B29675ECF54}.Debug|Any CPU.ActiveCfg = Debug|Any CPU
		{3E088B22-7646-03FB-8A28-1B29675ECF54}.Debug|Any CPU.Build.0 = Debug|Any CPU
		{3E088B22-7646-03FB-8A28-1B29675ECF54}.Release|Any CPU.ActiveCfg = Release|Any CPU
		{3E088B22-7646-03FB-8A28-1B29675ECF54}.Release|Any CPU.Build.0 = Release|Any CPU
		{CDA129F0-9173-05BE-4DD8-1BF95E95037A}.Debug|Any CPU.ActiveCfg = Debug|Any CPU
		{CDA129F0-9173-05BE-4DD8-1BF95E95037A}.Debug|Any CPU.Build.0 = Debug|Any CPU
		{CDA129F0-9173-05BE-4DD8-1BF95E95037A}.Release|Any CPU.ActiveCfg = Release|Any CPU
		{CDA129F0-9173-05BE-4DD8-1BF95E95037A}.Release|Any CPU.Build.0 = Release|Any CPU
		{5BC4FCB6-1AD8-BC66-C0DC-6E4D65318B14}.Debug|Any CPU.ActiveCfg = Debug|Any CPU
		{5BC4FCB6-1AD8-BC66-C0DC-6E4D65318B14}.Debug|Any CPU.Build.0 = Debug|Any CPU
		{5BC4FCB6-1AD8-BC66-C0DC-6E4D65318B14}.Release|Any CPU.ActiveCfg = Release|Any CPU
		{5BC4FCB6-1AD8-BC66-C0DC-6E4D65318B14}.Release|Any CPU.Build.0 = Release|Any CPU
		{F18ACD62-508D-1EBA-C08C-67CA1DD58990}.Debug|Any CPU.ActiveCfg = Debug|Any CPU
		{F18ACD62-508D-1EBA-C08C-67CA1DD58990}.Debug|Any CPU.Build.0 = Debug|Any CPU
		{F18ACD62-508D-1EBA-C08C-67CA1DD58990}.Release|Any CPU.ActiveCfg = Release|Any CPU
		{F18ACD62-508D-1EBA-C08C-67CA1DD58990}.Release|Any CPU.Build.0 = Release|Any CPU
		{6308DC4D-606A-C8F7-081E-FFB66462FF81}.Debug|Any CPU.ActiveCfg = Debug|Any CPU
		{6308DC4D-606A-C8F7-081E-FFB66462FF81}.Debug|Any CPU.Build.0 = Debug|Any CPU
		{6308DC4D-606A-C8F7-081E-FFB66462FF81}.Release|Any CPU.ActiveCfg = Release|Any CPU
		{6308DC4D-606A-C8F7-081E-FFB66462FF81}.Release|Any CPU.Build.0 = Release|Any CPU
		{9AF5D2AE-38C2-DA85-BEBB-8F638D9B6F8C}.Debug|Any CPU.ActiveCfg = Debug|Any CPU
		{9AF5D2AE-38C2-DA85-BEBB-8F638D9B6F8C}.Debug|Any CPU.Build.0 = Debug|Any CPU
		{9AF5D2AE-38C2-DA85-BEBB-8F638D9B6F8C}.Release|Any CPU.ActiveCfg = Release|Any CPU
		{9AF5D2AE-38C2-DA85-BEBB-8F638D9B6F8C}.Release|Any CPU.Build.0 = Release|Any CPU
		{4F3174BD-5C1A-F442-6091-3C04DC0CAD05}.Debug|Any CPU.ActiveCfg = Debug|Any CPU
		{4F3174BD-5C1A-F442-6091-3C04DC0CAD05}.Debug|Any CPU.Build.0 = Debug|Any CPU
		{4F3174BD-5C1A-F442-6091-3C04DC0CAD05}.Release|Any CPU.ActiveCfg = Release|Any CPU
		{4F3174BD-5C1A-F442-6091-3C04DC0CAD05}.Release|Any CPU.Build.0 = Release|Any CPU
		{999F39E5-319F-EA56-0465-53D9E90D2D0E}.Debug|Any CPU.ActiveCfg = Debug|Any CPU
		{999F39E5-319F-EA56-0465-53D9E90D2D0E}.Debug|Any CPU.Build.0 = Debug|Any CPU
		{999F39E5-319F-EA56-0465-53D9E90D2D0E}.Release|Any CPU.ActiveCfg = Release|Any CPU
		{999F39E5-319F-EA56-0465-53D9E90D2D0E}.Release|Any CPU.Build.0 = Release|Any CPU
		{0CC5D80F-548E-A8D1-5D13-7AC3E014A8B9}.Debug|Any CPU.ActiveCfg = Debug|Any CPU
		{0CC5D80F-548E-A8D1-5D13-7AC3E014A8B9}.Debug|Any CPU.Build.0 = Debug|Any CPU
		{0CC5D80F-548E-A8D1-5D13-7AC3E014A8B9}.Release|Any CPU.ActiveCfg = Release|Any CPU
		{0CC5D80F-548E-A8D1-5D13-7AC3E014A8B9}.Release|Any CPU.Build.0 = Release|Any CPU
		{BF800638-1309-E4D2-3568-B6A98A9CBADE}.Debug|Any CPU.ActiveCfg = Debug|Any CPU
		{BF800638-1309-E4D2-3568-B6A98A9CBADE}.Debug|Any CPU.Build.0 = Debug|Any CPU
		{BF800638-1309-E4D2-3568-B6A98A9CBADE}.Release|Any CPU.ActiveCfg = Release|Any CPU
		{BF800638-1309-E4D2-3568-B6A98A9CBADE}.Release|Any CPU.Build.0 = Release|Any CPU
		{64641EC2-853B-7FA0-0437-A3AD96508B53}.Debug|Any CPU.ActiveCfg = Debug|Any CPU
		{64641EC2-853B-7FA0-0437-A3AD96508B53}.Debug|Any CPU.Build.0 = Debug|Any CPU
		{64641EC2-853B-7FA0-0437-A3AD96508B53}.Release|Any CPU.ActiveCfg = Release|Any CPU
		{64641EC2-853B-7FA0-0437-A3AD96508B53}.Release|Any CPU.Build.0 = Release|Any CPU
		{C0D1357A-3322-B6BB-39AB-984864E4A791}.Debug|Any CPU.ActiveCfg = Debug|Any CPU
		{C0D1357A-3322-B6BB-39AB-984864E4A791}.Debug|Any CPU.Build.0 = Debug|Any CPU
		{C0D1357A-3322-B6BB-39AB-984864E4A791}.Release|Any CPU.ActiveCfg = Release|Any CPU
		{C0D1357A-3322-B6BB-39AB-984864E4A791}.Release|Any CPU.Build.0 = Release|Any CPU
	EndGlobalSection
	GlobalSection(SolutionProperties) = preSolution
		HideSolutionNode = FALSE
	EndGlobalSection
	GlobalSection(NestedProjects) = preSolution
		{7532DE91-EBA0-CEBB-03E7-EC67AC2F5DAD} = {3644C5E3-2C3E-96E3-BD46-F213F08D758F}
		{A8B5083F-3A19-19BD-593C-A1875F28F51A} = {3644C5E3-2C3E-96E3-BD46-F213F08D758F}
		{A2429F39-C9E4-9F09-EBA8-32F9CC39B2DC} = {3644C5E3-2C3E-96E3-BD46-F213F08D758F}
		{FEB0DF4F-84E6-48BE-6E80-F9A4FDF98159} = {3644C5E3-2C3E-96E3-BD46-F213F08D758F}
		{35C5066E-CFD6-907B-0009-92FBE8EBF492} = {3644C5E3-2C3E-96E3-BD46-F213F08D758F}
		{3E088B22-7646-03FB-8A28-1B29675ECF54} = {3644C5E3-2C3E-96E3-BD46-F213F08D758F}
		{CDA129F0-9173-05BE-4DD8-1BF95E95037A} = {3644C5E3-2C3E-96E3-BD46-F213F08D758F}
		{5BC4FCB6-1AD8-BC66-C0DC-6E4D65318B14} = {77A9DA3F-4EE8-3279-E4BD-EB7D3CDDDBB2}
		{F18ACD62-508D-1EBA-C08C-67CA1DD58990} = {77A9DA3F-4EE8-3279-E4BD-EB7D3CDDDBB2}
		{6308DC4D-606A-C8F7-081E-FFB66462FF81} = {77A9DA3F-4EE8-3279-E4BD-EB7D3CDDDBB2}
		{9AF5D2AE-38C2-DA85-BEBB-8F638D9B6F8C} = {77A9DA3F-4EE8-3279-E4BD-EB7D3CDDDBB2}
		{4F3174BD-5C1A-F442-6091-3C04DC0CAD05} = {77A9DA3F-4EE8-3279-E4BD-EB7D3CDDDBB2}
		{999F39E5-319F-EA56-0465-53D9E90D2D0E} = {77A9DA3F-4EE8-3279-E4BD-EB7D3CDDDBB2}
		{0CC5D80F-548E-A8D1-5D13-7AC3E014A8B9} = {77A9DA3F-4EE8-3279-E4BD-EB7D3CDDDBB2}
		{BF800638-1309-E4D2-3568-B6A98A9CBADE} = {77A9DA3F-4EE8-3279-E4BD-EB7D3CDDDBB2}
		{64641EC2-853B-7FA0-0437-A3AD96508B53} = {77A9DA3F-4EE8-3279-E4BD-EB7D3CDDDBB2}
		{C0D1357A-3322-B6BB-39AB-984864E4A791} = {77A9DA3F-4EE8-3279-E4BD-EB7D3CDDDBB2}
	EndGlobalSection
	GlobalSection(ExtensibilityGlobals) = postSolution
		SolutionGuid = {8008B0FA-2413-48D2-A772-C2F224F21E69}
	EndGlobalSection
EndGlobal
